PODS:
  - Alamofire (5.7.1)
  - CocoaLumberjack/Core (3.8.0)
  - CocoaLumberjack/Swift (3.8.0):
    - CocoaLumberjack/Core
  - Differentiator (5.0.0)
  - ESTabBarController-swift (2.8.0)
  - Kingfisher (7.6.1)
  - KMNavigationBarTransition (1.1.10)
  - LookinServer (1.1.7):
    - LookinServer/Core (= 1.1.7)
  - LookinServer/Core (1.1.7)
  - MBProgressHUD (1.2.0)
  - MJRefresh (3.7.5)
  - Moya/Core (15.0.0):
    - Alamofire (~> 5.0)
  - Moya/RxSwift (15.0.0):
    - Moya/Core
    - RxSwift (~> 6.0)
  - RxCocoa (6.2.0):
    - RxRelay (= 6.2.0)
    - RxSwift (= 6.2.0)
  - RxDataSources (5.0.0):
    - Differentiator (~> 5.0)
    - RxCocoa (~> 6.0)
    - RxSwift (~> 6.0)
  - RxRelay (6.2.0):
    - RxSwift (= 6.2.0)
  - RxSwift (6.2.0)
  - SnapKit (5.0.0)

DEPENDENCIES:
  - CocoaLumberjack/Swift
  - ESTabBarController-swift
  - Kingfisher (= 7.6.1)
  - KMNavigationBarTransition
  - LookinServer
  - MBProgressHUD
  - MJRefresh (= 3.7.5)
  - Moya/RxSwift
  - RxCocoa (= 6.2.0)
  - RxDataSources
  - RxSwift (= 6.2.0)
  - SnapKit (= 5.0.0)

SPEC REPOS:
  https://github.com/CocoaPods/Specs.git:
    - Alamofire
    - CocoaLumberjack
    - Differentiator
    - ESTabBarController-swift
    - Kingfisher
    - KMNavigationBarTransition
    - LookinServer
    - MBProgressHUD
    - MJRefresh
    - Moya
    - RxCocoa
    - RxDataSources
    - RxRelay
    - RxSwift
    - SnapKit

SPEC CHECKSUMS:
  Alamofire: 0123a34370cb170936ae79a8df46cc62b2edeb88
  CocoaLumberjack: 78abfb691154e2a9df8ded4350d504ee19d90732
  Differentiator: e8497ceab83c1b10ca233716d547b9af21b9344d
  ESTabBarController-swift: 05593a6ad64700b03c0eb60ff625916370aa4136
  Kingfisher: 93a3c6d0d551658a31e19f21747e1d15cb39d525
  KMNavigationBarTransition: ceea7a78462b6d9910cf6dba93465a7e9168a1b7
  LookinServer: 4ce0469b066871525611d009d8d16a7a50c23491
  MBProgressHUD: 3ee5efcc380f6a79a7cc9b363dd669c5e1ae7406
  MJRefresh: fdf5e979eb406a0341468932d1dfc8b7f9fce961
  Moya: 138f0573e53411fb3dc17016add0b748dfbd78ee
  RxCocoa: 4baf94bb35f2c0ab31bc0cb9f1900155f646ba42
  RxDataSources: aa47cc1ed6c500fa0dfecac5c979b723542d79cf
  RxRelay: e72dbfd157807478401ef1982e1c61c945c94b2f
  RxSwift: d356ab7bee873611322f134c5f9ef379fa183d8f
  SnapKit: fd22d10eb9aff484d79a8724eab922c1ddf89bcf

PODFILE CHECKSUM: 119b7d23138ef0a26707e83bd7b25e15e79900e4

COCOAPODS: 1.12.1
